
Microsoft Visual Studio Solution File, Format Version 12.00
# Visual Studio Version 17
VisualStudioVersion = 17.11.35327.3
MinimumVisualStudioVersion = 10.0.40219.1
Project("{FAE04EC0-301F-11D3-BF4B-00C04F79EFBC}") = "TaskManagement.API", "TaskManagement.API\TaskManagement.API.csproj", "{303BD51E-4EDF-40B2-9B0E-A8A41E4F35A9}"
EndProject
Project("{FAE04EC0-301F-11D3-BF4B-00C04F79EFBC}") = "TaskManagement.Domain", "TaskManagement.Domain\TaskManagement.Domain.csproj", "{4ECD0DA4-282A-4B1A-84EF-5621EB78AB38}"
EndProject
Project("{FAE04EC0-301F-11D3-BF4B-00C04F79EFBC}") = "TaskManagement.Application", "TaskManagement.Application\TaskManagement.Application.csproj", "{5E072953-080E-45EF-B862-4BF9F9252E43}"
EndProject
Project("{FAE04EC0-301F-11D3-BF4B-00C04F79EFBC}") = "TaskManagement.Infrastructure", "TaskManagement.Infrastructure\TaskManagement.Infrastructure.csproj", "{6BCFA984-1722-4D63-A943-280A0395D2A7}"
EndProject
Project("{FAE04EC0-301F-11D3-BF4B-00C04F79EFBC}") = "TaskManagement.Utils", "TaskManagement.Utils\TaskManagement.Utils.csproj", "{513A1504-A5E1-4528-8D15-9A70CC79D3BB}"
EndProject
Global
	GlobalSection(SolutionConfigurationPlatforms) = preSolution
		Debug|Any CPU = Debug|Any CPU
		Release|Any CPU = Release|Any CPU
	EndGlobalSection
	GlobalSection(ProjectConfigurationPlatforms) = postSolution
		{303BD51E-4EDF-40B2-9B0E-A8A41E4F35A9}.Debug|Any CPU.ActiveCfg = Debug|Any CPU
		{303BD51E-4EDF-40B2-9B0E-A8A41E4F35A9}.Debug|Any CPU.Build.0 = Debug|Any CPU
		{303BD51E-4EDF-40B2-9B0E-A8A41E4F35A9}.Release|Any CPU.ActiveCfg = Release|Any CPU
		{303BD51E-4EDF-40B2-9B0E-A8A41E4F35A9}.Release|Any CPU.Build.0 = Release|Any CPU
		{4ECD0DA4-282A-4B1A-84EF-5621EB78AB38}.Debug|Any CPU.ActiveCfg = Debug|Any CPU
		{4ECD0DA4-282A-4B1A-84EF-5621EB78AB38}.Debug|Any CPU.Build.0 = Debug|Any CPU
		{4ECD0DA4-282A-4B1A-84EF-5621EB78AB38}.Release|Any CPU.ActiveCfg = Release|Any CPU
		{4ECD0DA4-282A-4B1A-84EF-5621EB78AB38}.Release|Any CPU.Build.0 = Release|Any CPU
		{5E072953-080E-45EF-B862-4BF9F9252E43}.Debug|Any CPU.ActiveCfg = Debug|Any CPU
		{5E072953-080E-45EF-B862-4BF9F9252E43}.Debug|Any CPU.Build.0 = Debug|Any CPU
		{5E072953-080E-45EF-B862-4BF9F9252E43}.Release|Any CPU.ActiveCfg = Release|Any CPU
		{5E072953-080E-45EF-B862-4BF9F9252E43}.Release|Any CPU.Build.0 = Release|Any CPU
		{6BCFA984-1722-4D63-A943-280A0395D2A7}.Debug|Any CPU.ActiveCfg = Debug|Any CPU
		{6BCFA984-1722-4D63-A943-280A0395D2A7}.Debug|Any CPU.Build.0 = Debug|Any CPU
		{6BCFA984-1722-4D63-A943-280A0395D2A7}.Release|Any CPU.ActiveCfg = Release|Any CPU
		{6BCFA984-1722-4D63-A943-280A0395D2A7}.Release|Any CPU.Build.0 = Release|Any CPU
		{513A1504-A5E1-4528-8D15-9A70CC79D3BB}.Debug|Any CPU.ActiveCfg = Debug|Any CPU
		{513A1504-A5E1-4528-8D15-9A70CC79D3BB}.Debug|Any CPU.Build.0 = Debug|Any CPU
		{513A1504-A5E1-4528-8D15-9A70CC79D3BB}.Release|Any CPU.ActiveCfg = Release|Any CPU
		{513A1504-A5E1-4528-8D15-9A70CC79D3BB}.Release|Any CPU.Build.0 = Release|Any CPU
	EndGlobalSection
	GlobalSection(SolutionProperties) = preSolution
		HideSolutionNode = FALSE
	EndGlobalSection
	GlobalSection(ExtensibilityGlobals) = postSolution
		SolutionGuid = {6B49DDDD-19BC-4089-BE59-21FF06A34757}
	EndGlobalSection
EndGlobal
